
Microsoft Visual Studio Solution File, Format Version 12.00
# Visual Studio Version 17
VisualStudioVersion = 17.2.32505.173
MinimumVisualStudioVersion = 10.0.40219.1
Project("{FAE04EC0-301F-11D3-BF4B-00C04F79EFBC}") = "DefiningClasses", "DefineClassPerson\DefiningClasses.csproj", "{96639675-2EA8-40AB-9490-63C87552FA95}"
EndProject
Project("{FAE04EC0-301F-11D3-BF4B-00C04F79EFBC}") = "SpeedRacing", "SpeedRacing\SpeedRacing.csproj", "{2B593798-0A86-4273-B4F7-FEF876F277D8}"
EndProject
Global
	GlobalSection(SolutionConfigurationPlatforms) = preSolution
		Debug|Any CPU = Debug|Any CPU
		Release|Any CPU = Release|Any CPU
	EndGlobalSection
	GlobalSection(ProjectConfigurationPlatforms) = postSolution
		{96639675-2EA8-40AB-9490-63C87552FA95}.Debug|Any CPU.ActiveCfg = Debug|Any CPU
		{96639675-2EA8-40AB-9490-63C87552FA95}.Debug|Any CPU.Build.0 = Debug|Any CPU
		{96639675-2EA8-40AB-9490-63C87552FA95}.Release|Any CPU.ActiveCfg = Release|Any CPU
		{96639675-2EA8-40AB-9490-63C87552FA95}.Release|Any CPU.Build.0 = Release|Any CPU
		{2B593798-0A86-4273-B4F7-FEF876F277D8}.Debug|Any CPU.ActiveCfg = Debug|Any CPU
		{2B593798-0A86-4273-B4F7-FEF876F277D8}.Debug|Any CPU.Build.0 = Debug|Any CPU
		{2B593798-0A86-4273-B4F7-FEF876F277D8}.Release|Any CPU.ActiveCfg = Release|Any CPU
		{2B593798-0A86-4273-B4F7-FEF876F277D8}.Release|Any CPU.Build.0 = Release|Any CPU
	EndGlobalSection
	GlobalSection(SolutionProperties) = preSolution
		HideSolutionNode = FALSE
	EndGlobalSection
	GlobalSection(ExtensibilityGlobals) = postSolution
		SolutionGuid = {23111C4C-A6DA-4C39-81CA-FAF50E1C46F2}
	EndGlobalSection
EndGlobal
