
Microsoft Visual Studio Solution File, Format Version 12.00
# Visual Studio Version 17
VisualStudioVersion = 17.2.32505.173
MinimumVisualStudioVersion = 10.0.40219.1
Project("{FAE04EC0-301F-11D3-BF4B-00C04F79EFBC}") = "GenericBoxOfString", "GenericBoxOfString\GenericBoxOfString.csproj", "{A17FBAE6-350A-4FD2-A2BE-66ED19B5F6E4}"
EndProject
Global
	GlobalSection(SolutionConfigurationPlatforms) = preSolution
		Debug|Any CPU = Debug|Any CPU
		Release|Any CPU = Release|Any CPU
	EndGlobalSection
	GlobalSection(ProjectConfigurationPlatforms) = postSolution
		{A17FBAE6-350A-4FD2-A2BE-66ED19B5F6E4}.Debug|Any CPU.ActiveCfg = Debug|Any CPU
		{A17FBAE6-350A-4FD2-A2BE-66ED19B5F6E4}.Debug|Any CPU.Build.0 = Debug|Any CPU
		{A17FBAE6-350A-4FD2-A2BE-66ED19B5F6E4}.Release|Any CPU.ActiveCfg = Release|Any CPU
		{A17FBAE6-350A-4FD2-A2BE-66ED19B5F6E4}.Release|Any CPU.Build.0 = Release|Any CPU
	EndGlobalSection
	GlobalSection(SolutionProperties) = preSolution
		HideSolutionNode = FALSE
	EndGlobalSection
	GlobalSection(ExtensibilityGlobals) = postSolution
		SolutionGuid = {236A0646-C748-45CA-828C-16E10A9F8F6B}
	EndGlobalSection
EndGlobal
