
Microsoft Visual Studio Solution File, Format Version 12.00
# Visual Studio Version 17
VisualStudioVersion = 17.2.32505.173
MinimumVisualStudioVersion = 10.0.40219.1
Project("{9A19103F-16F7-4668-BE54-9A1E7A4F7556}") = "Car", "Car\Car.csproj", "{9CA201BD-DF61-4E93-A45A-BEA8AD7A4115}"
EndProject
Project("{FAE04EC0-301F-11D3-BF4B-00C04F79EFBC}") = "CarConstructors", "CarConstructors\CarConstructors.csproj", "{501A9EEC-2545-49B4-BBF3-97C0C9889593}"
EndProject
Global
	GlobalSection(SolutionConfigurationPlatforms) = preSolution
		Debug|Any CPU = Debug|Any CPU
		Release|Any CPU = Release|Any CPU
	EndGlobalSection
	GlobalSection(ProjectConfigurationPlatforms) = postSolution
		{9CA201BD-DF61-4E93-A45A-BEA8AD7A4115}.Debug|Any CPU.ActiveCfg = Debug|Any CPU
		{9CA201BD-DF61-4E93-A45A-BEA8AD7A4115}.Debug|Any CPU.Build.0 = Debug|Any CPU
		{9CA201BD-DF61-4E93-A45A-BEA8AD7A4115}.Release|Any CPU.ActiveCfg = Release|Any CPU
		{9CA201BD-DF61-4E93-A45A-BEA8AD7A4115}.Release|Any CPU.Build.0 = Release|Any CPU
		{501A9EEC-2545-49B4-BBF3-97C0C9889593}.Debug|Any CPU.ActiveCfg = Debug|Any CPU
		{501A9EEC-2545-49B4-BBF3-97C0C9889593}.Debug|Any CPU.Build.0 = Debug|Any CPU
		{501A9EEC-2545-49B4-BBF3-97C0C9889593}.Release|Any CPU.ActiveCfg = Release|Any CPU
		{501A9EEC-2545-49B4-BBF3-97C0C9889593}.Release|Any CPU.Build.0 = Release|Any CPU
	EndGlobalSection
	GlobalSection(SolutionProperties) = preSolution
		HideSolutionNode = FALSE
	EndGlobalSection
	GlobalSection(ExtensibilityGlobals) = postSolution
		SolutionGuid = {8A12867B-8816-4935-BAC9-A75E1ABAD1A1}
	EndGlobalSection
EndGlobal
